
Microsoft Visual Studio Solution File, Format Version 12.00
# Visual Studio 15
Project("{FAE04EC0-301F-11D3-BF4B-00C04F79EFBC}") = "Assembly-CSharp-Editor", "Assembly-CSharp-Editor.csproj", "{2DEFB2C4-B22E-E9E5-925E-F832DED3985E}"
EndProject
Project("{FAE04EC0-301F-11D3-BF4B-00C04F79EFBC}") = "Assembly-CSharp", "Assembly-CSharp.csproj", "{8B81FB5F-AD88-E075-963F-6486693B8619}"
EndProject
Global
	GlobalSection(SolutionConfigurationPlatforms) = preSolution
		Debug|Any CPU = Debug|Any CPU
		Release|Any CPU = Release|Any CPU
	EndGlobalSection
	GlobalSection(ProjectConfigurationPlatforms) = postSolution
		{2DEFB2C4-B22E-E9E5-925E-F832DED3985E}.Debug|Any CPU.ActiveCfg = Debug|Any CPU
		{2DEFB2C4-B22E-E9E5-925E-F832DED3985E}.Debug|Any CPU.Build.0 = Debug|Any CPU
		{2DEFB2C4-B22E-E9E5-925E-F832DED3985E}.Release|Any CPU.ActiveCfg = Release|Any CPU
		{2DEFB2C4-B22E-E9E5-925E-F832DED3985E}.Release|Any CPU.Build.0 = Release|Any CPU
		{8B81FB5F-AD88-E075-963F-6486693B8619}.Debug|Any CPU.ActiveCfg = Debug|Any CPU
		{8B81FB5F-AD88-E075-963F-6486693B8619}.Debug|Any CPU.Build.0 = Debug|Any CPU
		{8B81FB5F-AD88-E075-963F-6486693B8619}.Release|Any CPU.ActiveCfg = Release|Any CPU
		{8B81FB5F-AD88-E075-963F-6486693B8619}.Release|Any CPU.Build.0 = Release|Any CPU
	EndGlobalSection
	GlobalSection(SolutionProperties) = preSolution
		HideSolutionNode = FALSE
	EndGlobalSection
EndGlobal
